
Microsoft Visual Studio Solution File, Format Version 12.00
# Visual Studio Version 16
VisualStudioVersion = 16.0.29728.190
MinimumVisualStudioVersion = 10.0.40219.1
Project("{9A19103F-16F7-4668-BE54-9A1E7A4F7556}") = "Nick the Dev", "Nick the Dev.csproj", "{F7126CD7-537D-43E2-B229-16E5CC7AAE49}"
EndProject
Global
	GlobalSection(SolutionConfigurationPlatforms) = preSolution
		Debug|Any CPU = Debug|Any CPU
		Release|Any CPU = Release|Any CPU
	EndGlobalSection
	GlobalSection(ProjectConfigurationPlatforms) = postSolution
		{F7126CD7-537D-43E2-B229-16E5CC7AAE49}.Debug|Any CPU.ActiveCfg = Debug|Any CPU
		{F7126CD7-537D-43E2-B229-16E5CC7AAE49}.Debug|Any CPU.Build.0 = Debug|Any CPU
		{F7126CD7-537D-43E2-B229-16E5CC7AAE49}.Release|Any CPU.ActiveCfg = Release|Any CPU
		{F7126CD7-537D-43E2-B229-16E5CC7AAE49}.Release|Any CPU.Build.0 = Release|Any CPU
	EndGlobalSection
	GlobalSection(SolutionProperties) = preSolution
		HideSolutionNode = FALSE
	EndGlobalSection
	GlobalSection(ExtensibilityGlobals) = postSolution
		SolutionGuid = {5258F790-721B-42F1-B38F-CA797F045E36}
	EndGlobalSection
EndGlobal
